// !$*UTF8*$!
{
	archiveVersion = 1;
	classes = {
	};
	objectVersion = 50;
	objects = {

/* Begin PBXBuildFile section */
		3CFE4BBB227B711900A712F5 /* AppDelegate.swift in Sources */ = {isa = PBXBuildFile; fileRef = 3CFE4BBA227B711900A712F5 /* AppDelegate.swift */; };
		3CFE4BBD227B711900A712F5 /* CompaniesController.swift in Sources */ = {isa = PBXBuildFile; fileRef = 3CFE4BBC227B711900A712F5 /* CompaniesController.swift */; };
		3CFE4BC0227B711900A712F5 /* Main.storyboard in Resources */ = {isa = PBXBuildFile; fileRef = 3CFE4BBE227B711900A712F5 /* Main.storyboard */; };
		3CFE4BC2227B711B00A712F5 /* Assets.xcassets in Resources */ = {isa = PBXBuildFile; fileRef = 3CFE4BC1227B711B00A712F5 /* Assets.xcassets */; };
		3CFE4BC5227B711B00A712F5 /* LaunchScreen.storyboard in Resources */ = {isa = PBXBuildFile; fileRef = 3CFE4BC3227B711B00A712F5 /* LaunchScreen.storyboard */; };
		3CFE4BCD227C424300A712F5 /* UIColorExtensions.swift in Sources */ = {isa = PBXBuildFile; fileRef = 3CFE4BCC227C424300A712F5 /* UIColorExtensions.swift */; };
		3CFE4BCF227C459D00A712F5 /* Company.swift in Sources */ = {isa = PBXBuildFile; fileRef = 3CFE4BCE227C459D00A712F5 /* Company.swift */; };
		3CFE4BD1227C4A3500A712F5 /* CreateCompanyController.swift in Sources */ = {isa = PBXBuildFile; fileRef = 3CFE4BD0227C4A3500A712F5 /* CreateCompanyController.swift */; };
		3CFE4BD4227C5DF600A712F5 /* CompaniesModels.xcdatamodeld in Sources */ = {isa = PBXBuildFile; fileRef = 3CFE4BD2227C5DF600A712F5 /* CompaniesModels.xcdatamodeld */; };
		3CFE4BD6227CA33900A712F5 /* CoreDataManager.swift in Sources */ = {isa = PBXBuildFile; fileRef = 3CFE4BD5227CA33900A712F5 /* CoreDataManager.swift */; };
/* End PBXBuildFile section */

/* Begin PBXFileReference section */
		3CFE4BB7227B711900A712F5 /* Companies.app */ = {isa = PBXFileReference; explicitFileType = wrapper.application; includeInIndex = 0; path = Companies.app; sourceTree = BUILT_PRODUCTS_DIR; };
		3CFE4BBA227B711900A712F5 /* AppDelegate.swift */ = {isa = PBXFileReference; lastKnownFileType = sourcecode.swift; path = AppDelegate.swift; sourceTree = "<group>"; };
		3CFE4BBC227B711900A712F5 /* CompaniesController.swift */ = {isa = PBXFileReference; lastKnownFileType = sourcecode.swift; path = CompaniesController.swift; sourceTree = "<group>"; };
		3CFE4BBF227B711900A712F5 /* Base */ = {isa = PBXFileReference; lastKnownFileType = file.storyboard; name = Base; path = Base.lproj/Main.storyboard; sourceTree = "<group>"; };
		3CFE4BC1227B711B00A712F5 /* Assets.xcassets */ = {isa = PBXFileReference; lastKnownFileType = folder.assetcatalog; path = Assets.xcassets; sourceTree = "<group>"; };
		3CFE4BC4227B711B00A712F5 /* Base */ = {isa = PBXFileReference; lastKnownFileType = file.storyboard; name = Base; path = Base.lproj/LaunchScreen.storyboard; sourceTree = "<group>"; };
		3CFE4BC6227B711B00A712F5 /* Info.plist */ = {isa = PBXFileReference; lastKnownFileType = text.plist.xml; path = Info.plist; sourceTree = "<group>"; };
		3CFE4BCC227C424300A712F5 /* UIColorExtensions.swift */ = {isa = PBXFileReference; lastKnownFileType = sourcecode.swift; path = UIColorExtensions.swift; sourceTree = "<group>"; };
		3CFE4BCE227C459D00A712F5 /* Company.swift */ = {isa = PBXFileReference; lastKnownFileType = sourcecode.swift; path = Company.swift; sourceTree = "<group>"; };
		3CFE4BD0227C4A3500A712F5 /* CreateCompanyController.swift */ = {isa = PBXFileReference; lastKnownFileType = sourcecode.swift; path = CreateCompanyController.swift; sourceTree = "<group>"; };
		3CFE4BD3227C5DF600A712F5 /* CompaniesModels.xcdatamodel */ = {isa = PBXFileReference; lastKnownFileType = wrapper.xcdatamodel; path = CompaniesModels.xcdatamodel; sourceTree = "<group>"; };
		3CFE4BD5227CA33900A712F5 /* CoreDataManager.swift */ = {isa = PBXFileReference; lastKnownFileType = sourcecode.swift; path = CoreDataManager.swift; sourceTree = "<group>"; };
/* End PBXFileReference section */

/* Begin PBXFrameworksBuildPhase section */
		3CFE4BB4227B711800A712F5 /* Frameworks */ = {
			isa = PBXFrameworksBuildPhase;
			buildActionMask = 2147483647;
			files = (
			);
			runOnlyForDeploymentPostprocessing = 0;
		};
/* End PBXFrameworksBuildPhase section */

/* Begin PBXGroup section */
		3CFE4BAE227B711800A712F5 = {
			isa = PBXGroup;
			children = (
				3CFE4BB9227B711900A712F5 /* Companies */,
				3CFE4BB8227B711900A712F5 /* Products */,
			);
			sourceTree = "<group>";
		};
		3CFE4BB8227B711900A712F5 /* Products */ = {
			isa = PBXGroup;
			children = (
				3CFE4BB7227B711900A712F5 /* Companies.app */,
			);
			name = Products;
			sourceTree = "<group>";
		};
		3CFE4BB9227B711900A712F5 /* Companies */ = {
			isa = PBXGroup;
			children = (
				3CFE4BBA227B711900A712F5 /* AppDelegate.swift */,
				3CFE4BBC227B711900A712F5 /* CompaniesController.swift */,
				3CFE4BBE227B711900A712F5 /* Main.storyboard */,
				3CFE4BC1227B711B00A712F5 /* Assets.xcassets */,
				3CFE4BC3227B711B00A712F5 /* LaunchScreen.storyboard */,
				3CFE4BC6227B711B00A712F5 /* Info.plist */,
				3CFE4BCC227C424300A712F5 /* UIColorExtensions.swift */,
				3CFE4BCE227C459D00A712F5 /* Company.swift */,
				3CFE4BD0227C4A3500A712F5 /* CreateCompanyController.swift */,
				3CFE4BD2227C5DF600A712F5 /* CompaniesModels.xcdatamodeld */,
				3CFE4BD5227CA33900A712F5 /* CoreDataManager.swift */,
			);
			path = Companies;
			sourceTree = "<group>";
		};
/* End PBXGroup section */

/* Begin PBXNativeTarget section */
		3CFE4BB6227B711800A712F5 /* Companies */ = {
			isa = PBXNativeTarget;
			buildConfigurationList = 3CFE4BC9227B711B00A712F5 /* Build configuration list for PBXNativeTarget "Companies" */;
			buildPhases = (
				3CFE4BB3227B711800A712F5 /* Sources */,
				3CFE4BB4227B711800A712F5 /* Frameworks */,
				3CFE4BB5227B711800A712F5 /* Resources */,
			);
			buildRules = (
			);
			dependencies = (
			);
			name = Companies;
			productName = Companies;
			productReference = 3CFE4BB7227B711900A712F5 /* Companies.app */;
			productType = "com.apple.product-type.application";
		};
/* End PBXNativeTarget section */

/* Begin PBXProject section */
		3CFE4BAF227B711800A712F5 /* Project object */ = {
			isa = PBXProject;
			attributes = {
				LastSwiftUpdateCheck = 1010;
				LastUpgradeCheck = 1010;
				ORGANIZATIONNAME = DanilovDev;
				TargetAttributes = {
					3CFE4BB6227B711800A712F5 = {
						CreatedOnToolsVersion = 10.1;
					};
				};
			};
			buildConfigurationList = 3CFE4BB2227B711800A712F5 /* Build configuration list for PBXProject "Companies" */;
			compatibilityVersion = "Xcode 9.3";
			developmentRegion = en;
			hasScannedForEncodings = 0;
			knownRegions = (
				en,
				Base,
			);
			mainGroup = 3CFE4BAE227B711800A712F5;
			productRefGroup = 3CFE4BB8227B711900A712F5 /* Products */;
			projectDirPath = "";
			projectRoot = "";
			targets = (
				3CFE4BB6227B711800A712F5 /* Companies */,
			);
		};
/* End PBXProject section */

/* Begin PBXResourcesBuildPhase section */
		3CFE4BB5227B711800A712F5 /* Resources */ = {
			isa = PBXResourcesBuildPhase;
			buildActionMask = 2147483647;
			files = (
				3CFE4BC5227B711B00A712F5 /* LaunchScreen.storyboard in Resources */,
				3CFE4BC2227B711B00A712F5 /* Assets.xcassets in Resources */,
				3CFE4BC0227B711900A712F5 /* Main.storyboard in Resources */,
			);
			runOnlyForDeploymentPostprocessing = 0;
		};
/* End PBXResourcesBuildPhase section */

/* Begin PBXSourcesBuildPhase section */
		3CFE4BB3227B711800A712F5 /* Sources */ = {
			isa = PBXSourcesBuildPhase;
			buildActionMask = 2147483647;
			files = (
				3CFE4BCD227C424300A712F5 /* UIColorExtensions.swift in Sources */,
				3CFE4BBD227B711900A712F5 /* CompaniesController.swift in Sources */,
				3CFE4BD1227C4A3500A712F5 /* CreateCompanyController.swift in Sources */,
				3CFE4BD4227C5DF600A712F5 /* CompaniesModels.xcdatamodeld in Sources */,
				3CFE4BBB227B711900A712F5 /* AppDelegate.swift in Sources */,
				3CFE4BD6227CA33900A712F5 /* CoreDataManager.swift in Sources */,
				3CFE4BCF227C459D00A712F5 /* Company.swift in Sources */,
			);
			runOnlyForDeploymentPostprocessing = 0;
		};
/* End PBXSourcesBuildPhase section */

/* Begin PBXVariantGroup section */
		3CFE4BBE227B711900A712F5 /* Main.storyboard */ = {
			isa = PBXVariantGroup;
			children = (
				3CFE4BBF227B711900A712F5 /* Base */,
			);
			name = Main.storyboard;
			sourceTree = "<group>";
		};
		3CFE4BC3227B711B00A712F5 /* LaunchScreen.storyboard */ = {
			isa = PBXVariantGroup;
			children = (
				3CFE4BC4227B711B00A712F5 /* Base */,
			);
			name = LaunchScreen.storyboard;
			sourceTree = "<group>";
		};
/* End PBXVariantGroup section */

/* Begin XCBuildConfiguration section */
		3CFE4BC7227B711B00A712F5 /* Debug */ = {
			isa = XCBuildConfiguration;
			buildSettings = {
				ALWAYS_SEARCH_USER_PATHS = NO;
				CLANG_ANALYZER_NONNULL = YES;
				CLANG_ANALYZER_NUMBER_OBJECT_CONVERSION = YES_AGGRESSIVE;
				CLANG_CXX_LANGUAGE_STANDARD = "gnu++14";
				CLANG_CXX_LIBRARY = "libc++";
				CLANG_ENABLE_MODULES = YES;
				CLANG_ENABLE_OBJC_ARC = YES;
				CLANG_ENABLE_OBJC_WEAK = YES;
				CLANG_WARN_BLOCK_CAPTURE_AUTORELEASING = YES;
				CLANG_WARN_BOOL_CONVERSION = YES;
				CLANG_WARN_COMMA = YES;
				CLANG_WARN_CONSTANT_CONVERSION = YES;
				CLANG_WARN_DEPRECATED_OBJC_IMPLEMENTATIONS = YES;
				CLANG_WARN_DIRECT_OBJC_ISA_USAGE = YES_ERROR;
				CLANG_WARN_DOCUMENTATION_COMMENTS = YES;
				CLANG_WARN_EMPTY_BODY = YES;
				CLANG_WARN_ENUM_CONVERSION = YES;
				CLANG_WARN_INFINITE_RECURSION = YES;
				CLANG_WARN_INT_CONVERSION = YES;
				CLANG_WARN_NON_LITERAL_NULL_CONVERSION = YES;
				CLANG_WARN_OBJC_IMPLICIT_RETAIN_SELF = YES;
				CLANG_WARN_OBJC_LITERAL_CONVERSION = YES;
				CLANG_WARN_OBJC_ROOT_CLASS = YES_ERROR;
				CLANG_WARN_RANGE_LOOP_ANALYSIS = YES;
				CLANG_WARN_STRICT_PROTOTYPES = YES;
				CLANG_WARN_SUSPICIOUS_MOVE = YES;
				CLANG_WARN_UNGUARDED_AVAILABILITY = YES_AGGRESSIVE;
				CLANG_WARN_UNREACHABLE_CODE = YES;
				CLANG_WARN__DUPLICATE_METHOD_MATCH = YES;
				CODE_SIGN_IDENTITY = "iPhone Developer";
				COPY_PHASE_STRIP = NO;
				DEBUG_INFORMATION_FORMAT = dwarf;
				ENABLE_STRICT_OBJC_MSGSEND = YES;
				ENABLE_TESTABILITY = YES;
				GCC_C_LANGUAGE_STANDARD = gnu11;
				GCC_DYNAMIC_NO_PIC = NO;
				GCC_NO_COMMON_BLOCKS = YES;
				GCC_OPTIMIZATION_LEVEL = 0;
				GCC_PREPROCESSOR_DEFINITIONS = (
					"DEBUG=1",
					"$(inherited)",
				);
				GCC_WARN_64_TO_32_BIT_CONVERSION = YES;
				GCC_WARN_ABOUT_RETURN_TYPE = YES_ERROR;
				GCC_WARN_UNDECLARED_SELECTOR = YES;
				GCC_WARN_UNINITIALIZED_AUTOS = YES_AGGRESSIVE;
				GCC_WARN_UNUSED_FUNCTION = YES;
				GCC_WARN_UNUSED_VARIABLE = YES;
				IPHONEOS_DEPLOYMENT_TARGET = 12.1;
				MTL_ENABLE_DEBUG_INFO = INCLUDE_SOURCE;
				MTL_FAST_MATH = YES;
				ONLY_ACTIVE_ARCH = YES;
				SDKROOT = iphoneos;
				SWIFT_ACTIVE_COMPILATION_CONDITIONS = DEBUG;
				SWIFT_OPTIMIZATION_LEVEL = "-Onone";
			};
			name = Debug;
		};
		3CFE4BC8227B711B00A712F5 /* Release */ = {
			isa = XCBuildConfiguration;
			buildSettings = {
				ALWAYS_SEARCH_USER_PATHS = NO;
				CLANG_ANALYZER_NONNULL = YES;
				CLANG_ANALYZER_NUMBER_OBJECT_CONVERSION = YES_AGGRESSIVE;
				CLANG_CXX_LANGUAGE_STANDARD = "gnu++14";
				CLANG_CXX_LIBRARY = "libc++";
				CLANG_ENABLE_MODULES = YES;
				CLANG_ENABLE_OBJC_ARC = YES;
				CLANG_ENABLE_OBJC_WEAK = YES;
				CLANG_WARN_BLOCK_CAPTURE_AUTORELEASING = YES;
				CLANG_WARN_BOOL_CONVERSION = YES;
				CLANG_WARN_COMMA = YES;
				CLANG_WARN_CONSTANT_CONVERSION = YES;
				CLANG_WARN_DEPRECATED_OBJC_IMPLEMENTATIONS = YES;
				CLANG_WARN_DIRECT_OBJC_ISA_USAGE = YES_ERROR;
				CLANG_WARN_DOCUMENTATION_COMMENTS = YES;
				CLANG_WARN_EMPTY_BODY = YES;
				CLANG_WARN_ENUM_CONVERSION = YES;
				CLANG_WARN_INFINITE_RECURSION = YES;
				CLANG_WARN_INT_CONVERSION = YES;
				CLANG_WARN_NON_LITERAL_NULL_CONVERSION = YES;
				CLANG_WARN_OBJC_IMPLICIT_RETAIN_SELF = YES;
				CLANG_WARN_OBJC_LITERAL_CONVERSION = YES;
				CLANG_WARN_OBJC_ROOT_CLASS = YES_ERROR;
				CLANG_WARN_RANGE_LOOP_ANALYSIS = YES;
				CLANG_WARN_STRICT_PROTOTYPES = YES;
				CLANG_WARN_SUSPICIOUS_MOVE = YES;
				CLANG_WARN_UNGUARDED_AVAILABILITY = YES_AGGRESSIVE;
				CLANG_WARN_UNREACHABLE_CODE = YES;
				CLANG_WARN__DUPLICATE_METHOD_MATCH = YES;
				CODE_SIGN_IDENTITY = "iPhone Developer";
				COPY_PHASE_STRIP = NO;
				DEBUG_INFORMATION_FORMAT = "dwarf-with-dsym";
				ENABLE_NS_ASSERTIONS = NO;
				ENABLE_STRICT_OBJC_MSGSEND = YES;
				GCC_C_LANGUAGE_STANDARD = gnu11;
				GCC_NO_COMMON_BLOCKS = YES;
				GCC_WARN_64_TO_32_BIT_CONVERSION = YES;
				GCC_WARN_ABOUT_RETURN_TYPE = YES_ERROR;
				GCC_WARN_UNDECLARED_SELECTOR = YES;
				GCC_WARN_UNINITIALIZED_AUTOS = YES_AGGRESSIVE;
				GCC_WARN_UNUSED_FUNCTION = YES;
				GCC_WARN_UNUSED_VARIABLE = YES;
				IPHONEOS_DEPLOYMENT_TARGET = 12.1;
				MTL_ENABLE_DEBUG_INFO = NO;
				MTL_FAST_MATH = YES;
				SDKROOT = iphoneos;
				SWIFT_COMPILATION_MODE = wholemodule;
				SWIFT_OPTIMIZATION_LEVEL = "-O";
				VALIDATE_PRODUCT = YES;
			};
			name = Release;
		};
		3CFE4BCA227B711B00A712F5 /* Debug */ = {
			isa = XCBuildConfiguration;
			buildSettings = {
				ASSETCATALOG_COMPILER_APPICON_NAME = AppIcon;
				CODE_SIGN_STYLE = Automatic;
				DEVELOPMENT_TEAM = G9F5S24X43;
				INFOPLIST_FILE = Companies/Info.plist;
				LD_RUNPATH_SEARCH_PATHS = (
					"$(inherited)",
					"@executable_path/Frameworks",
				);
				PRODUCT_BUNDLE_IDENTIFIER = com.danilovdev.Companies;
				PRODUCT_NAME = "$(TARGET_NAME)";
				SWIFT_VERSION = 4.2;
				TARGETED_DEVICE_FAMILY = "1,2";
			};
			name = Debug;
		};
		3CFE4BCB227B711B00A712F5 /* Release */ = {
			isa = XCBuildConfiguration;
			buildSettings = {
				ASSETCATALOG_COMPILER_APPICON_NAME = AppIcon;
				CODE_SIGN_STYLE = Automatic;
				DEVELOPMENT_TEAM = G9F5S24X43;
				INFOPLIST_FILE = Companies/Info.plist;
				LD_RUNPATH_SEARCH_PATHS = (
					"$(inherited)",
					"@executable_path/Frameworks",
				);
				PRODUCT_BUNDLE_IDENTIFIER = com.danilovdev.Companies;
				PRODUCT_NAME = "$(TARGET_NAME)";
				SWIFT_VERSION = 4.2;
				TARGETED_DEVICE_FAMILY = "1,2";
			};
			name = Release;
		};
/* End XCBuildConfiguration section */

/* Begin XCConfigurationList section */
		3CFE4BB2227B711800A712F5 /* Build configuration list for PBXProject "Companies" */ = {
			isa = XCConfigurationList;
			buildConfigurations = (
				3CFE4BC7227B711B00A712F5 /* Debug */,
				3CFE4BC8227B711B00A712F5 /* Release */,
			);
			defaultConfigurationIsVisible = 0;
			defaultConfigurationName = Release;
		};
		3CFE4BC9227B711B00A712F5 /* Build configuration list for PBXNativeTarget "Companies" */ = {
			isa = XCConfigurationList;
			buildConfigurations = (
				3CFE4BCA227B711B00A712F5 /* Debug */,
				3CFE4BCB227B711B00A712F5 /* Release */,
			);
			defaultConfigurationIsVisible = 0;
			defaultConfigurationName = Release;
		};
/* End XCConfigurationList section */

/* Begin XCVersionGroup section */
		3CFE4BD2227C5DF600A712F5 /* CompaniesModels.xcdatamodeld */ = {
			isa = XCVersionGroup;
			children = (
				3CFE4BD3227C5DF600A712F5 /* CompaniesModels.xcdatamodel */,
			);
			currentVersion = 3CFE4BD3227C5DF600A712F5 /* CompaniesModels.xcdatamodel */;
			path = CompaniesModels.xcdatamodeld;
			sourceTree = "<group>";
			versionGroupType = wrapper.xcdatamodel;
		};
/* End XCVersionGroup section */
	};
	rootObject = 3CFE4BAF227B711800A712F5 /* Project object */;
}
